// !$*UTF8*$!
{
	archiveVersion = 1;
	classes = {
	};
	objectVersion = 46;
	objects = {

/* Begin PBXBuildFile section */
		D6C36F2B1E014EFA00250239 /* AppDelegate.swift in Sources */ = {isa = PBXBuildFile; fileRef = D6C36F2A1E014EFA00250239 /* AppDelegate.swift */; };
		D6C36F2D1E014EFA00250239 /* SampleViewController.swift in Sources */ = {isa = PBXBuildFile; fileRef = D6C36F2C1E014EFA00250239 /* SampleViewController.swift */; };
		D6C36F301E014EFA00250239 /* Main.storyboard in Resources */ = {isa = PBXBuildFile; fileRef = D6C36F2E1E014EFA00250239 /* Main.storyboard */; };
		D6C36F321E014EFA00250239 /* Assets.xcassets in Resources */ = {isa = PBXBuildFile; fileRef = D6C36F311E014EFA00250239 /* Assets.xcassets */; };
		D6C36F351E014EFA00250239 /* LaunchScreen.storyboard in Resources */ = {isa = PBXBuildFile; fileRef = D6C36F331E014EFA00250239 /* LaunchScreen.storyboard */; };
		D6C36F401E01530A00250239 /* YKStretchTabViewController.swift in Sources */ = {isa = PBXBuildFile; fileRef = D6C36F3F1E01530A00250239 /* YKStretchTabViewController.swift */; };
		D6C36F501E01684F00250239 /* tab1:3_off.png in Resources */ = {isa = PBXBuildFile; fileRef = D6C36F421E01684F00250239 /* tab1:3_off.png */; };
		D6C36F511E01684F00250239 /* tab1:3_on.png in Resources */ = {isa = PBXBuildFile; fileRef = D6C36F431E01684F00250239 /* tab1:3_on.png */; };
		D6C36F521E01684F00250239 /* tab1:4_off.png in Resources */ = {isa = PBXBuildFile; fileRef = D6C36F441E01684F00250239 /* tab1:4_off.png */; };
		D6C36F531E01684F00250239 /* tab1:4_on.png in Resources */ = {isa = PBXBuildFile; fileRef = D6C36F451E01684F00250239 /* tab1:4_on.png */; };
		D6C36F541E01684F00250239 /* tab2:3_off.png in Resources */ = {isa = PBXBuildFile; fileRef = D6C36F461E01684F00250239 /* tab2:3_off.png */; };
		D6C36F551E01684F00250239 /* tab2:3_on.png in Resources */ = {isa = PBXBuildFile; fileRef = D6C36F471E01684F00250239 /* tab2:3_on.png */; };
		D6C36F561E01684F00250239 /* tab2:4_off.png in Resources */ = {isa = PBXBuildFile; fileRef = D6C36F481E01684F00250239 /* tab2:4_off.png */; };
		D6C36F571E01684F00250239 /* tab2:4_on.png in Resources */ = {isa = PBXBuildFile; fileRef = D6C36F491E01684F00250239 /* tab2:4_on.png */; };
		D6C36F581E01684F00250239 /* tab3:3_off.png in Resources */ = {isa = PBXBuildFile; fileRef = D6C36F4A1E01684F00250239 /* tab3:3_off.png */; };
		D6C36F591E01684F00250239 /* tab3:3_on.png in Resources */ = {isa = PBXBuildFile; fileRef = D6C36F4B1E01684F00250239 /* tab3:3_on.png */; };
		D6C36F5A1E01684F00250239 /* tab3:4_off.png in Resources */ = {isa = PBXBuildFile; fileRef = D6C36F4C1E01684F00250239 /* tab3:4_off.png */; };
		D6C36F5B1E01684F00250239 /* tab3:4_on.png in Resources */ = {isa = PBXBuildFile; fileRef = D6C36F4D1E01684F00250239 /* tab3:4_on.png */; };
		D6C36F5C1E01684F00250239 /* tab4:4_off.png in Resources */ = {isa = PBXBuildFile; fileRef = D6C36F4E1E01684F00250239 /* tab4:4_off.png */; };
		D6C36F5D1E01684F00250239 /* tab4:4_on.png in Resources */ = {isa = PBXBuildFile; fileRef = D6C36F4F1E01684F00250239 /* tab4:4_on.png */; };
/* End PBXBuildFile section */

/* Begin PBXFileReference section */
		D6C36F271E014EFA00250239 /* YKStretchTabViewController.app */ = {isa = PBXFileReference; explicitFileType = wrapper.application; includeInIndex = 0; path = YKStretchTabViewController.app; sourceTree = BUILT_PRODUCTS_DIR; };
		D6C36F2A1E014EFA00250239 /* AppDelegate.swift */ = {isa = PBXFileReference; lastKnownFileType = sourcecode.swift; path = AppDelegate.swift; sourceTree = "<group>"; };
		D6C36F2C1E014EFA00250239 /* SampleViewController.swift */ = {isa = PBXFileReference; lastKnownFileType = sourcecode.swift; path = SampleViewController.swift; sourceTree = "<group>"; };
		D6C36F2F1E014EFA00250239 /* Base */ = {isa = PBXFileReference; lastKnownFileType = file.storyboard; name = Base; path = Base.lproj/Main.storyboard; sourceTree = "<group>"; };
		D6C36F311E014EFA00250239 /* Assets.xcassets */ = {isa = PBXFileReference; lastKnownFileType = folder.assetcatalog; path = Assets.xcassets; sourceTree = "<group>"; };
		D6C36F341E014EFA00250239 /* Base */ = {isa = PBXFileReference; lastKnownFileType = file.storyboard; name = Base; path = Base.lproj/LaunchScreen.storyboard; sourceTree = "<group>"; };
		D6C36F361E014EFA00250239 /* Info.plist */ = {isa = PBXFileReference; lastKnownFileType = text.plist.xml; path = Info.plist; sourceTree = "<group>"; };
		D6C36F3F1E01530A00250239 /* YKStretchTabViewController.swift */ = {isa = PBXFileReference; fileEncoding = 4; lastKnownFileType = sourcecode.swift; path = YKStretchTabViewController.swift; sourceTree = "<group>"; };
		D6C36F421E01684F00250239 /* tab1:3_off.png */ = {isa = PBXFileReference; lastKnownFileType = image.png; path = "tab1:3_off.png"; sourceTree = "<group>"; };
		D6C36F431E01684F00250239 /* tab1:3_on.png */ = {isa = PBXFileReference; lastKnownFileType = image.png; path = "tab1:3_on.png"; sourceTree = "<group>"; };
		D6C36F441E01684F00250239 /* tab1:4_off.png */ = {isa = PBXFileReference; lastKnownFileType = image.png; path = "tab1:4_off.png"; sourceTree = "<group>"; };
		D6C36F451E01684F00250239 /* tab1:4_on.png */ = {isa = PBXFileReference; lastKnownFileType = image.png; path = "tab1:4_on.png"; sourceTree = "<group>"; };
		D6C36F461E01684F00250239 /* tab2:3_off.png */ = {isa = PBXFileReference; lastKnownFileType = image.png; path = "tab2:3_off.png"; sourceTree = "<group>"; };
		D6C36F471E01684F00250239 /* tab2:3_on.png */ = {isa = PBXFileReference; lastKnownFileType = image.png; path = "tab2:3_on.png"; sourceTree = "<group>"; };
		D6C36F481E01684F00250239 /* tab2:4_off.png */ = {isa = PBXFileReference; lastKnownFileType = image.png; path = "tab2:4_off.png"; sourceTree = "<group>"; };
		D6C36F491E01684F00250239 /* tab2:4_on.png */ = {isa = PBXFileReference; lastKnownFileType = image.png; path = "tab2:4_on.png"; sourceTree = "<group>"; };
		D6C36F4A1E01684F00250239 /* tab3:3_off.png */ = {isa = PBXFileReference; lastKnownFileType = image.png; path = "tab3:3_off.png"; sourceTree = "<group>"; };
		D6C36F4B1E01684F00250239 /* tab3:3_on.png */ = {isa = PBXFileReference; lastKnownFileType = image.png; path = "tab3:3_on.png"; sourceTree = "<group>"; };
		D6C36F4C1E01684F00250239 /* tab3:4_off.png */ = {isa = PBXFileReference; lastKnownFileType = image.png; path = "tab3:4_off.png"; sourceTree = "<group>"; };
		D6C36F4D1E01684F00250239 /* tab3:4_on.png */ = {isa = PBXFileReference; lastKnownFileType = image.png; path = "tab3:4_on.png"; sourceTree = "<group>"; };
		D6C36F4E1E01684F00250239 /* tab4:4_off.png */ = {isa = PBXFileReference; lastKnownFileType = image.png; path = "tab4:4_off.png"; sourceTree = "<group>"; };
		D6C36F4F1E01684F00250239 /* tab4:4_on.png */ = {isa = PBXFileReference; lastKnownFileType = image.png; path = "tab4:4_on.png"; sourceTree = "<group>"; };
/* End PBXFileReference section */

/* Begin PBXFrameworksBuildPhase section */
		D6C36F241E014EFA00250239 /* Frameworks */ = {
			isa = PBXFrameworksBuildPhase;
			buildActionMask = 2147483647;
			files = (
			);
			runOnlyForDeploymentPostprocessing = 0;
		};
/* End PBXFrameworksBuildPhase section */

/* Begin PBXGroup section */
		D6C36F1E1E014EFA00250239 = {
			isa = PBXGroup;
			children = (
				D6C36F291E014EFA00250239 /* YKStretchTabViewController */,
				D6C36F281E014EFA00250239 /* Products */,
			);
			sourceTree = "<group>";
		};
		D6C36F281E014EFA00250239 /* Products */ = {
			isa = PBXGroup;
			children = (
				D6C36F271E014EFA00250239 /* YKStretchTabViewController.app */,
			);
			name = Products;
			sourceTree = "<group>";
		};
		D6C36F291E014EFA00250239 /* YKStretchTabViewController */ = {
			isa = PBXGroup;
			children = (
				D6C36F2A1E014EFA00250239 /* AppDelegate.swift */,
				D6C36F2C1E014EFA00250239 /* SampleViewController.swift */,
				D6C36F2E1E014EFA00250239 /* Main.storyboard */,
				D6C36F311E014EFA00250239 /* Assets.xcassets */,
				D6C36F331E014EFA00250239 /* LaunchScreen.storyboard */,
				D6C36F361E014EFA00250239 /* Info.plist */,
				D6C36F3E1E01530A00250239 /* lib */,
				D6C36F411E01684F00250239 /* image */,
			);
			path = YKStretchTabViewController;
			sourceTree = "<group>";
		};
		D6C36F3E1E01530A00250239 /* lib */ = {
			isa = PBXGroup;
			children = (
				D6C36F3F1E01530A00250239 /* YKStretchTabViewController.swift */,
			);
			path = lib;
			sourceTree = "<group>";
		};
		D6C36F411E01684F00250239 /* image */ = {
			isa = PBXGroup;
			children = (
				D6C36F421E01684F00250239 /* tab1:3_off.png */,
				D6C36F431E01684F00250239 /* tab1:3_on.png */,
				D6C36F441E01684F00250239 /* tab1:4_off.png */,
				D6C36F451E01684F00250239 /* tab1:4_on.png */,
				D6C36F461E01684F00250239 /* tab2:3_off.png */,
				D6C36F471E01684F00250239 /* tab2:3_on.png */,
				D6C36F481E01684F00250239 /* tab2:4_off.png */,
				D6C36F491E01684F00250239 /* tab2:4_on.png */,
				D6C36F4A1E01684F00250239 /* tab3:3_off.png */,
				D6C36F4B1E01684F00250239 /* tab3:3_on.png */,
				D6C36F4C1E01684F00250239 /* tab3:4_off.png */,
				D6C36F4D1E01684F00250239 /* tab3:4_on.png */,
				D6C36F4E1E01684F00250239 /* tab4:4_off.png */,
				D6C36F4F1E01684F00250239 /* tab4:4_on.png */,
			);
			path = image;
			sourceTree = "<group>";
		};
/* End PBXGroup section */

/* Begin PBXNativeTarget section */
		D6C36F261E014EFA00250239 /* YKStretchTabViewController */ = {
			isa = PBXNativeTarget;
			buildConfigurationList = D6C36F391E014EFA00250239 /* Build configuration list for PBXNativeTarget "YKStretchTabViewController" */;
			buildPhases = (
				D6C36F231E014EFA00250239 /* Sources */,
				D6C36F241E014EFA00250239 /* Frameworks */,
				D6C36F251E014EFA00250239 /* Resources */,
			);
			buildRules = (
			);
			dependencies = (
			);
			name = YKStretchTabViewController;
			productName = YKStretchTabViewController;
			productReference = D6C36F271E014EFA00250239 /* YKStretchTabViewController.app */;
			productType = "com.apple.product-type.application";
		};
/* End PBXNativeTarget section */

/* Begin PBXProject section */
		D6C36F1F1E014EFA00250239 /* Project object */ = {
			isa = PBXProject;
			attributes = {
				LastSwiftUpdateCheck = 0800;
				LastUpgradeCheck = 0800;
				ORGANIZATIONNAME = "Yuta Kawabe";
				TargetAttributes = {
					D6C36F261E014EFA00250239 = {
						CreatedOnToolsVersion = 8.0;
						DevelopmentTeam = X5EF57U232;
						ProvisioningStyle = Automatic;
					};
				};
			};
			buildConfigurationList = D6C36F221E014EFA00250239 /* Build configuration list for PBXProject "YKStretchTabViewController" */;
			compatibilityVersion = "Xcode 3.2";
			developmentRegion = English;
			hasScannedForEncodings = 0;
			knownRegions = (
				en,
				Base,
			);
			mainGroup = D6C36F1E1E014EFA00250239;
			productRefGroup = D6C36F281E014EFA00250239 /* Products */;
			projectDirPath = "";
			projectRoot = "";
			targets = (
				D6C36F261E014EFA00250239 /* YKStretchTabViewController */,
			);
		};
/* End PBXProject section */

/* Begin PBXResourcesBuildPhase section */
		D6C36F251E014EFA00250239 /* Resources */ = {
			isa = PBXResourcesBuildPhase;
			buildActionMask = 2147483647;
			files = (
				D6C36F561E01684F00250239 /* tab2:4_off.png in Resources */,
				D6C36F5A1E01684F00250239 /* tab3:4_off.png in Resources */,
				D6C36F511E01684F00250239 /* tab1:3_on.png in Resources */,
				D6C36F541E01684F00250239 /* tab2:3_off.png in Resources */,
				D6C36F5D1E01684F00250239 /* tab4:4_on.png in Resources */,
				D6C36F5C1E01684F00250239 /* tab4:4_off.png in Resources */,
				D6C36F5B1E01684F00250239 /* tab3:4_on.png in Resources */,
				D6C36F531E01684F00250239 /* tab1:4_on.png in Resources */,
				D6C36F551E01684F00250239 /* tab2:3_on.png in Resources */,
				D6C36F501E01684F00250239 /* tab1:3_off.png in Resources */,
				D6C36F351E014EFA00250239 /* LaunchScreen.storyboard in Resources */,
				D6C36F521E01684F00250239 /* tab1:4_off.png in Resources */,
				D6C36F571E01684F00250239 /* tab2:4_on.png in Resources */,
				D6C36F321E014EFA00250239 /* Assets.xcassets in Resources */,
				D6C36F581E01684F00250239 /* tab3:3_off.png in Resources */,
				D6C36F591E01684F00250239 /* tab3:3_on.png in Resources */,
				D6C36F301E014EFA00250239 /* Main.storyboard in Resources */,
			);
			runOnlyForDeploymentPostprocessing = 0;
		};
/* End PBXResourcesBuildPhase section */

/* Begin PBXSourcesBuildPhase section */
		D6C36F231E014EFA00250239 /* Sources */ = {
			isa = PBXSourcesBuildPhase;
			buildActionMask = 2147483647;
			files = (
				D6C36F2D1E014EFA00250239 /* SampleViewController.swift in Sources */,
				D6C36F2B1E014EFA00250239 /* AppDelegate.swift in Sources */,
				D6C36F401E01530A00250239 /* YKStretchTabViewController.swift in Sources */,
			);
			runOnlyForDeploymentPostprocessing = 0;
		};
/* End PBXSourcesBuildPhase section */

/* Begin PBXVariantGroup section */
		D6C36F2E1E014EFA00250239 /* Main.storyboard */ = {
			isa = PBXVariantGroup;
			children = (
				D6C36F2F1E014EFA00250239 /* Base */,
			);
			name = Main.storyboard;
			sourceTree = "<group>";
		};
		D6C36F331E014EFA00250239 /* LaunchScreen.storyboard */ = {
			isa = PBXVariantGroup;
			children = (
				D6C36F341E014EFA00250239 /* Base */,
			);
			name = LaunchScreen.storyboard;
			sourceTree = "<group>";
		};
/* End PBXVariantGroup section */

/* Begin XCBuildConfiguration section */
		D6C36F371E014EFA00250239 /* Debug */ = {
			isa = XCBuildConfiguration;
			buildSettings = {
				ALWAYS_SEARCH_USER_PATHS = NO;
				CLANG_ANALYZER_NONNULL = YES;
				CLANG_CXX_LANGUAGE_STANDARD = "gnu++0x";
				CLANG_CXX_LIBRARY = "libc++";
				CLANG_ENABLE_MODULES = YES;
				CLANG_ENABLE_OBJC_ARC = YES;
				CLANG_WARN_BOOL_CONVERSION = YES;
				CLANG_WARN_CONSTANT_CONVERSION = YES;
				CLANG_WARN_DIRECT_OBJC_ISA_USAGE = YES_ERROR;
				CLANG_WARN_DOCUMENTATION_COMMENTS = YES;
				CLANG_WARN_EMPTY_BODY = YES;
				CLANG_WARN_ENUM_CONVERSION = YES;
				CLANG_WARN_INFINITE_RECURSION = YES;
				CLANG_WARN_INT_CONVERSION = YES;
				CLANG_WARN_OBJC_ROOT_CLASS = YES_ERROR;
				CLANG_WARN_SUSPICIOUS_MOVES = YES;
				CLANG_WARN_UNREACHABLE_CODE = YES;
				CLANG_WARN__DUPLICATE_METHOD_MATCH = YES;
				"CODE_SIGN_IDENTITY[sdk=iphoneos*]" = "iPhone Developer";
				COPY_PHASE_STRIP = NO;
				DEBUG_INFORMATION_FORMAT = dwarf;
				ENABLE_STRICT_OBJC_MSGSEND = YES;
				ENABLE_TESTABILITY = YES;
				GCC_C_LANGUAGE_STANDARD = gnu99;
				GCC_DYNAMIC_NO_PIC = NO;
				GCC_NO_COMMON_BLOCKS = YES;
				GCC_OPTIMIZATION_LEVEL = 0;
				GCC_PREPROCESSOR_DEFINITIONS = (
					"DEBUG=1",
					"$(inherited)",
				);
				GCC_WARN_64_TO_32_BIT_CONVERSION = YES;
				GCC_WARN_ABOUT_RETURN_TYPE = YES_ERROR;
				GCC_WARN_UNDECLARED_SELECTOR = YES;
				GCC_WARN_UNINITIALIZED_AUTOS = YES_AGGRESSIVE;
				GCC_WARN_UNUSED_FUNCTION = YES;
				GCC_WARN_UNUSED_VARIABLE = YES;
				IPHONEOS_DEPLOYMENT_TARGET = 10.0;
				MTL_ENABLE_DEBUG_INFO = YES;
				ONLY_ACTIVE_ARCH = YES;
				SDKROOT = iphoneos;
				SWIFT_ACTIVE_COMPILATION_CONDITIONS = DEBUG;
				SWIFT_OPTIMIZATION_LEVEL = "-Onone";
			};
			name = Debug;
		};
		D6C36F381E014EFA00250239 /* Release */ = {
			isa = XCBuildConfiguration;
			buildSettings = {
				ALWAYS_SEARCH_USER_PATHS = NO;
				CLANG_ANALYZER_NONNULL = YES;
				CLANG_CXX_LANGUAGE_STANDARD = "gnu++0x";
				CLANG_CXX_LIBRARY = "libc++";
				CLANG_ENABLE_MODULES = YES;
				CLANG_ENABLE_OBJC_ARC = YES;
				CLANG_WARN_BOOL_CONVERSION = YES;
				CLANG_WARN_CONSTANT_CONVERSION = YES;
				CLANG_WARN_DIRECT_OBJC_ISA_USAGE = YES_ERROR;
				CLANG_WARN_DOCUMENTATION_COMMENTS = YES;
				CLANG_WARN_EMPTY_BODY = YES;
				CLANG_WARN_ENUM_CONVERSION = YES;
				CLANG_WARN_INFINITE_RECURSION = YES;
				CLANG_WARN_INT_CONVERSION = YES;
				CLANG_WARN_OBJC_ROOT_CLASS = YES_ERROR;
				CLANG_WARN_SUSPICIOUS_MOVES = YES;
				CLANG_WARN_UNREACHABLE_CODE = YES;
				CLANG_WARN__DUPLICATE_METHOD_MATCH = YES;
				"CODE_SIGN_IDENTITY[sdk=iphoneos*]" = "iPhone Developer";
				COPY_PHASE_STRIP = NO;
				DEBUG_INFORMATION_FORMAT = "dwarf-with-dsym";
				ENABLE_NS_ASSERTIONS = NO;
				ENABLE_STRICT_OBJC_MSGSEND = YES;
				GCC_C_LANGUAGE_STANDARD = gnu99;
				GCC_NO_COMMON_BLOCKS = YES;
				GCC_WARN_64_TO_32_BIT_CONVERSION = YES;
				GCC_WARN_ABOUT_RETURN_TYPE = YES_ERROR;
				GCC_WARN_UNDECLARED_SELECTOR = YES;
				GCC_WARN_UNINITIALIZED_AUTOS = YES_AGGRESSIVE;
				GCC_WARN_UNUSED_FUNCTION = YES;
				GCC_WARN_UNUSED_VARIABLE = YES;
				IPHONEOS_DEPLOYMENT_TARGET = 10.0;
				MTL_ENABLE_DEBUG_INFO = NO;
				SDKROOT = iphoneos;
				SWIFT_OPTIMIZATION_LEVEL = "-Owholemodule";
				VALIDATE_PRODUCT = YES;
			};
			name = Release;
		};
		D6C36F3A1E014EFA00250239 /* Debug */ = {
			isa = XCBuildConfiguration;
			buildSettings = {
				ASSETCATALOG_COMPILER_APPICON_NAME = AppIcon;
				"CODE_SIGN_IDENTITY[sdk=iphoneos*]" = "iPhone Developer";
				DEVELOPMENT_TEAM = X5EF57U232;
				INFOPLIST_FILE = YKStretchTabViewController/Info.plist;
				LD_RUNPATH_SEARCH_PATHS = "$(inherited) @executable_path/Frameworks";
				PRODUCT_BUNDLE_IDENTIFIER = "Yuta-Kawabe.YKStretchTabViewController";
				PRODUCT_NAME = "$(TARGET_NAME)";
				SWIFT_VERSION = 3.0;
			};
			name = Debug;
		};
		D6C36F3B1E014EFA00250239 /* Release */ = {
			isa = XCBuildConfiguration;
			buildSettings = {
				ASSETCATALOG_COMPILER_APPICON_NAME = AppIcon;
				"CODE_SIGN_IDENTITY[sdk=iphoneos*]" = "iPhone Developer";
				DEVELOPMENT_TEAM = X5EF57U232;
				INFOPLIST_FILE = YKStretchTabViewController/Info.plist;
				LD_RUNPATH_SEARCH_PATHS = "$(inherited) @executable_path/Frameworks";
				PRODUCT_BUNDLE_IDENTIFIER = "Yuta-Kawabe.YKStretchTabViewController";
				PRODUCT_NAME = "$(TARGET_NAME)";
				SWIFT_VERSION = 3.0;
			};
			name = Release;
		};
/* End XCBuildConfiguration section */

/* Begin XCConfigurationList section */
		D6C36F221E014EFA00250239 /* Build configuration list for PBXProject "YKStretchTabViewController" */ = {
			isa = XCConfigurationList;
			buildConfigurations = (
				D6C36F371E014EFA00250239 /* Debug */,
				D6C36F381E014EFA00250239 /* Release */,
			);
			defaultConfigurationIsVisible = 0;
			defaultConfigurationName = Release;
		};
		D6C36F391E014EFA00250239 /* Build configuration list for PBXNativeTarget "YKStretchTabViewController" */ = {
			isa = XCConfigurationList;
			buildConfigurations = (
				D6C36F3A1E014EFA00250239 /* Debug */,
				D6C36F3B1E014EFA00250239 /* Release */,
			);
			defaultConfigurationIsVisible = 0;
			defaultConfigurationName = Release;
		};
/* End XCConfigurationList section */
	};
	rootObject = D6C36F1F1E014EFA00250239 /* Project object */;
}
